
Microsoft Visual Studio Solution File, Format Version 12.00
# Visual Studio Version 17
VisualStudioVersion = 17.0.32014.148
MinimumVisualStudioVersion = 10.0.40219.1
Project("{9A19103F-16F7-4668-BE54-9A1E7A4F7556}") = "Tangents.DesktopGL", "Tangents.DesktopGL\Tangents.DesktopGL.csproj", "{DB7EA55C-86D5-46A4-80C1-8E6E1AE8EAB0}"
EndProject
Project("{D954291E-2A0B-460D-934E-DC6B0785DB48}") = "Tangents.Core", "Tangents.Core\Tangents.Core.shproj", "{A0CDBD0E-3A41-42B7-9425-A838BC2C7383}"
EndProject
Project("{FAE04EC0-301F-11D3-BF4B-00C04F79EFBC}") = "Tangents.Android", "Tangents.Android\Tangents.Android.csproj", "{88C50568-6362-40D0-A386-CDBA211D49B5}"
EndProject
Project("{FAE04EC0-301F-11D3-BF4B-00C04F79EFBC}") = "Tangents.iOS", "Tangents.iOS\Tangents.iOS.csproj", "{39CA1231-DC52-4FB9-8C65-4863D662F312}"
EndProject
Global
	GlobalSection(SharedMSBuildProjectFiles) = preSolution
		Tangents.Core\Tangents.Core.projitems*{39ca1231-dc52-4fb9-8c65-4863d662f312}*SharedItemsImports = 4
		Tangents.Core\Tangents.Core.projitems*{88c50568-6362-40d0-a386-cdba211d49b5}*SharedItemsImports = 4
		Tangents.Core\Tangents.Core.projitems*{a0cdbd0e-3a41-42b7-9425-a838bc2c7383}*SharedItemsImports = 13
		Tangents.Core\Tangents.Core.projitems*{db7ea55c-86d5-46a4-80c1-8e6e1ae8eab0}*SharedItemsImports = 5
	EndGlobalSection
	GlobalSection(SolutionConfigurationPlatforms) = preSolution
		Ad-Hoc|Any CPU = Ad-Hoc|Any CPU
		Ad-Hoc|iPhone = Ad-Hoc|iPhone
		Ad-Hoc|iPhoneSimulator = Ad-Hoc|iPhoneSimulator
		AppStore|Any CPU = AppStore|Any CPU
		AppStore|iPhone = AppStore|iPhone
		AppStore|iPhoneSimulator = AppStore|iPhoneSimulator
		Debug|Any CPU = Debug|Any CPU
		Debug|iPhone = Debug|iPhone
		Debug|iPhoneSimulator = Debug|iPhoneSimulator
		Release|Any CPU = Release|Any CPU
		Release|iPhone = Release|iPhone
		Release|iPhoneSimulator = Release|iPhoneSimulator
	EndGlobalSection
	GlobalSection(ProjectConfigurationPlatforms) = postSolution
		{DB7EA55C-86D5-46A4-80C1-8E6E1AE8EAB0}.Ad-Hoc|Any CPU.ActiveCfg = Release|Any CPU
		{DB7EA55C-86D5-46A4-80C1-8E6E1AE8EAB0}.Ad-Hoc|Any CPU.Build.0 = Release|Any CPU
		{DB7EA55C-86D5-46A4-80C1-8E6E1AE8EAB0}.Ad-Hoc|iPhone.ActiveCfg = Debug|Any CPU
		{DB7EA55C-86D5-46A4-80C1-8E6E1AE8EAB0}.Ad-Hoc|iPhone.Build.0 = Debug|Any CPU
		{DB7EA55C-86D5-46A4-80C1-8E6E1AE8EAB0}.Ad-Hoc|iPhoneSimulator.ActiveCfg = Release|Any CPU
		{DB7EA55C-86D5-46A4-80C1-8E6E1AE8EAB0}.Ad-Hoc|iPhoneSimulator.Build.0 = Release|Any CPU
		{DB7EA55C-86D5-46A4-80C1-8E6E1AE8EAB0}.AppStore|Any CPU.ActiveCfg = Release|Any CPU
		{DB7EA55C-86D5-46A4-80C1-8E6E1AE8EAB0}.AppStore|Any CPU.Build.0 = Release|Any CPU
		{DB7EA55C-86D5-46A4-80C1-8E6E1AE8EAB0}.AppStore|iPhone.ActiveCfg = Debug|Any CPU
		{DB7EA55C-86D5-46A4-80C1-8E6E1AE8EAB0}.AppStore|iPhone.Build.0 = Debug|Any CPU
		{DB7EA55C-86D5-46A4-80C1-8E6E1AE8EAB0}.AppStore|iPhoneSimulator.ActiveCfg = Release|Any CPU
		{DB7EA55C-86D5-46A4-80C1-8E6E1AE8EAB0}.AppStore|iPhoneSimulator.Build.0 = Release|Any CPU
		{DB7EA55C-86D5-46A4-80C1-8E6E1AE8EAB0}.Debug|Any CPU.ActiveCfg = Debug|Any CPU
		{DB7EA55C-86D5-46A4-80C1-8E6E1AE8EAB0}.Debug|Any CPU.Build.0 = Debug|Any CPU
		{DB7EA55C-86D5-46A4-80C1-8E6E1AE8EAB0}.Debug|iPhone.ActiveCfg = Debug|Any CPU
		{DB7EA55C-86D5-46A4-80C1-8E6E1AE8EAB0}.Debug|iPhone.Build.0 = Debug|Any CPU
		{DB7EA55C-86D5-46A4-80C1-8E6E1AE8EAB0}.Debug|iPhoneSimulator.ActiveCfg = Debug|Any CPU
		{DB7EA55C-86D5-46A4-80C1-8E6E1AE8EAB0}.Debug|iPhoneSimulator.Build.0 = Debug|Any CPU
		{DB7EA55C-86D5-46A4-80C1-8E6E1AE8EAB0}.Release|Any CPU.ActiveCfg = Release|Any CPU
		{DB7EA55C-86D5-46A4-80C1-8E6E1AE8EAB0}.Release|Any CPU.Build.0 = Release|Any CPU
		{DB7EA55C-86D5-46A4-80C1-8E6E1AE8EAB0}.Release|iPhone.ActiveCfg = Release|Any CPU
		{DB7EA55C-86D5-46A4-80C1-8E6E1AE8EAB0}.Release|iPhone.Build.0 = Release|Any CPU
		{DB7EA55C-86D5-46A4-80C1-8E6E1AE8EAB0}.Release|iPhoneSimulator.ActiveCfg = Release|Any CPU
		{DB7EA55C-86D5-46A4-80C1-8E6E1AE8EAB0}.Release|iPhoneSimulator.Build.0 = Release|Any CPU
		{88C50568-6362-40D0-A386-CDBA211D49B5}.Ad-Hoc|Any CPU.ActiveCfg = Release|Any CPU
		{88C50568-6362-40D0-A386-CDBA211D49B5}.Ad-Hoc|Any CPU.Build.0 = Release|Any CPU
		{88C50568-6362-40D0-A386-CDBA211D49B5}.Ad-Hoc|Any CPU.Deploy.0 = Release|Any CPU
		{88C50568-6362-40D0-A386-CDBA211D49B5}.Ad-Hoc|iPhone.ActiveCfg = Debug|Any CPU
		{88C50568-6362-40D0-A386-CDBA211D49B5}.Ad-Hoc|iPhone.Build.0 = Debug|Any CPU
		{88C50568-6362-40D0-A386-CDBA211D49B5}.Ad-Hoc|iPhoneSimulator.ActiveCfg = Release|Any CPU
		{88C50568-6362-40D0-A386-CDBA211D49B5}.Ad-Hoc|iPhoneSimulator.Build.0 = Release|Any CPU
		{88C50568-6362-40D0-A386-CDBA211D49B5}.Ad-Hoc|iPhoneSimulator.Deploy.0 = Release|Any CPU
		{88C50568-6362-40D0-A386-CDBA211D49B5}.AppStore|Any CPU.ActiveCfg = Release|Any CPU
		{88C50568-6362-40D0-A386-CDBA211D49B5}.AppStore|Any CPU.Build.0 = Release|Any CPU
		{88C50568-6362-40D0-A386-CDBA211D49B5}.AppStore|Any CPU.Deploy.0 = Release|Any CPU
		{88C50568-6362-40D0-A386-CDBA211D49B5}.AppStore|iPhone.ActiveCfg = Debug|Any CPU
		{88C50568-6362-40D0-A386-CDBA211D49B5}.AppStore|iPhone.Build.0 = Debug|Any CPU
		{88C50568-6362-40D0-A386-CDBA211D49B5}.AppStore|iPhoneSimulator.ActiveCfg = Release|Any CPU
		{88C50568-6362-40D0-A386-CDBA211D49B5}.AppStore|iPhoneSimulator.Build.0 = Release|Any CPU
		{88C50568-6362-40D0-A386-CDBA211D49B5}.AppStore|iPhoneSimulator.Deploy.0 = Release|Any CPU
		{88C50568-6362-40D0-A386-CDBA211D49B5}.Debug|Any CPU.ActiveCfg = Debug|Any CPU
		{88C50568-6362-40D0-A386-CDBA211D49B5}.Debug|Any CPU.Build.0 = Debug|Any CPU
		{88C50568-6362-40D0-A386-CDBA211D49B5}.Debug|Any CPU.Deploy.0 = Debug|Any CPU
		{88C50568-6362-40D0-A386-CDBA211D49B5}.Debug|iPhone.ActiveCfg = Debug|Any CPU
		{88C50568-6362-40D0-A386-CDBA211D49B5}.Debug|iPhone.Build.0 = Debug|Any CPU
		{88C50568-6362-40D0-A386-CDBA211D49B5}.Debug|iPhoneSimulator.ActiveCfg = Debug|Any CPU
		{88C50568-6362-40D0-A386-CDBA211D49B5}.Debug|iPhoneSimulator.Build.0 = Debug|Any CPU
		{88C50568-6362-40D0-A386-CDBA211D49B5}.Release|Any CPU.ActiveCfg = Release|Any CPU
		{88C50568-6362-40D0-A386-CDBA211D49B5}.Release|Any CPU.Build.0 = Release|Any CPU
		{88C50568-6362-40D0-A386-CDBA211D49B5}.Release|Any CPU.Deploy.0 = Release|Any CPU
		{88C50568-6362-40D0-A386-CDBA211D49B5}.Release|iPhone.ActiveCfg = Release|Any CPU
		{88C50568-6362-40D0-A386-CDBA211D49B5}.Release|iPhone.Build.0 = Release|Any CPU
		{88C50568-6362-40D0-A386-CDBA211D49B5}.Release|iPhoneSimulator.ActiveCfg = Release|Any CPU
		{88C50568-6362-40D0-A386-CDBA211D49B5}.Release|iPhoneSimulator.Build.0 = Release|Any CPU
		{39CA1231-DC52-4FB9-8C65-4863D662F312}.Ad-Hoc|Any CPU.ActiveCfg = Ad-Hoc|iPhoneSimulator
		{39CA1231-DC52-4FB9-8C65-4863D662F312}.Ad-Hoc|Any CPU.Build.0 = Ad-Hoc|iPhoneSimulator
		{39CA1231-DC52-4FB9-8C65-4863D662F312}.Ad-Hoc|iPhone.ActiveCfg = Ad-Hoc|iPhone
		{39CA1231-DC52-4FB9-8C65-4863D662F312}.Ad-Hoc|iPhone.Build.0 = Ad-Hoc|iPhone
		{39CA1231-DC52-4FB9-8C65-4863D662F312}.Ad-Hoc|iPhoneSimulator.ActiveCfg = Ad-Hoc|iPhoneSimulator
		{39CA1231-DC52-4FB9-8C65-4863D662F312}.Ad-Hoc|iPhoneSimulator.Build.0 = Ad-Hoc|iPhoneSimulator
		{39CA1231-DC52-4FB9-8C65-4863D662F312}.AppStore|Any CPU.ActiveCfg = AppStore|iPhoneSimulator
		{39CA1231-DC52-4FB9-8C65-4863D662F312}.AppStore|Any CPU.Build.0 = AppStore|iPhoneSimulator
		{39CA1231-DC52-4FB9-8C65-4863D662F312}.AppStore|iPhone.ActiveCfg = AppStore|iPhone
		{39CA1231-DC52-4FB9-8C65-4863D662F312}.AppStore|iPhone.Build.0 = AppStore|iPhone
		{39CA1231-DC52-4FB9-8C65-4863D662F312}.AppStore|iPhoneSimulator.ActiveCfg = AppStore|iPhoneSimulator
		{39CA1231-DC52-4FB9-8C65-4863D662F312}.AppStore|iPhoneSimulator.Build.0 = AppStore|iPhoneSimulator
		{39CA1231-DC52-4FB9-8C65-4863D662F312}.Debug|Any CPU.ActiveCfg = Debug|iPhoneSimulator
		{39CA1231-DC52-4FB9-8C65-4863D662F312}.Debug|Any CPU.Build.0 = Debug|iPhoneSimulator
		{39CA1231-DC52-4FB9-8C65-4863D662F312}.Debug|iPhone.ActiveCfg = Debug|iPhone
		{39CA1231-DC52-4FB9-8C65-4863D662F312}.Debug|iPhone.Build.0 = Debug|iPhone
		{39CA1231-DC52-4FB9-8C65-4863D662F312}.Debug|iPhoneSimulator.ActiveCfg = Debug|iPhoneSimulator
		{39CA1231-DC52-4FB9-8C65-4863D662F312}.Debug|iPhoneSimulator.Build.0 = Debug|iPhoneSimulator
		{39CA1231-DC52-4FB9-8C65-4863D662F312}.Release|Any CPU.ActiveCfg = Release|iPhoneSimulator
		{39CA1231-DC52-4FB9-8C65-4863D662F312}.Release|Any CPU.Build.0 = Release|iPhoneSimulator
		{39CA1231-DC52-4FB9-8C65-4863D662F312}.Release|iPhone.ActiveCfg = Release|iPhone
		{39CA1231-DC52-4FB9-8C65-4863D662F312}.Release|iPhone.Build.0 = Release|iPhone
		{39CA1231-DC52-4FB9-8C65-4863D662F312}.Release|iPhoneSimulator.ActiveCfg = Release|iPhoneSimulator
		{39CA1231-DC52-4FB9-8C65-4863D662F312}.Release|iPhoneSimulator.Build.0 = Release|iPhoneSimulator
	EndGlobalSection
	GlobalSection(SolutionProperties) = preSolution
		HideSolutionNode = FALSE
	EndGlobalSection
	GlobalSection(ExtensibilityGlobals) = postSolution
		SolutionGuid = {08FDCBB6-7F17-4AB1-B82D-BA1FA382A105}
	EndGlobalSection
EndGlobal
